
Microsoft Visual Studio Solution File, Format Version 12.00
# Visual Studio Version 17
VisualStudioVersion = 17.8.34525.116
MinimumVisualStudioVersion = 10.0.40219.1
Project("{FAE04EC0-301F-11D3-BF4B-00C04F79EFBC}") = "Pet_shop___back_end", "Pet shop - back end\Pet_shop___back_end.csproj", "{D3AE299C-B98F-419B-B718-D5852FEFE4CE}"
EndProject
Global
	GlobalSection(SolutionConfigurationPlatforms) = preSolution
		Debug|Any CPU = Debug|Any CPU
		Release|Any CPU = Release|Any CPU
	EndGlobalSection
	GlobalSection(ProjectConfigurationPlatforms) = postSolution
		{D3AE299C-B98F-419B-B718-D5852FEFE4CE}.Debug|Any CPU.ActiveCfg = Debug|Any CPU
		{D3AE299C-B98F-419B-B718-D5852FEFE4CE}.Debug|Any CPU.Build.0 = Debug|Any CPU
		{D3AE299C-B98F-419B-B718-D5852FEFE4CE}.Release|Any CPU.ActiveCfg = Release|Any CPU
		{D3AE299C-B98F-419B-B718-D5852FEFE4CE}.Release|Any CPU.Build.0 = Release|Any CPU
	EndGlobalSection
	GlobalSection(SolutionProperties) = preSolution
		HideSolutionNode = FALSE
	EndGlobalSection
	GlobalSection(ExtensibilityGlobals) = postSolution
		SolutionGuid = {52D98808-5C78-4931-AD9E-1D781EC28E40}
	EndGlobalSection
EndGlobal
